
Microsoft Visual Studio Solution File, Format Version 12.00
Project("{FAE04EC0-301F-11D3-BF4B-00C04F79EFBC}") = "WebAPI", "WebAPI\WebAPI.csproj", "{BB092072-3680-4646-8D72-C67488A61228}"
EndProject
Project("{FAE04EC0-301F-11D3-BF4B-00C04F79EFBC}") = "Application", "Application\Application.csproj", "{88949CFB-FD80-4926-ABB5-D5B8EC456FE3}"
EndProject
Project("{FAE04EC0-301F-11D3-BF4B-00C04F79EFBC}") = "Infrastructure", "Infrastructure\Infrastructure.csproj", "{BE33B790-6A1F-499A-8F08-613B381CC779}"
EndProject
Project("{FAE04EC0-301F-11D3-BF4B-00C04F79EFBC}") = "Domain", "Domain\Domain.csproj", "{29A60BB9-2269-450C-865C-9E7F6D94C41C}"
EndProject
Global
	GlobalSection(SolutionConfigurationPlatforms) = preSolution
		Debug|Any CPU = Debug|Any CPU
		Release|Any CPU = Release|Any CPU
	EndGlobalSection
	GlobalSection(ProjectConfigurationPlatforms) = postSolution
		{BB092072-3680-4646-8D72-C67488A61228}.Debug|Any CPU.ActiveCfg = Debug|Any CPU
		{BB092072-3680-4646-8D72-C67488A61228}.Debug|Any CPU.Build.0 = Debug|Any CPU
		{BB092072-3680-4646-8D72-C67488A61228}.Release|Any CPU.ActiveCfg = Release|Any CPU
		{BB092072-3680-4646-8D72-C67488A61228}.Release|Any CPU.Build.0 = Release|Any CPU
		{88949CFB-FD80-4926-ABB5-D5B8EC456FE3}.Debug|Any CPU.ActiveCfg = Debug|Any CPU
		{88949CFB-FD80-4926-ABB5-D5B8EC456FE3}.Debug|Any CPU.Build.0 = Debug|Any CPU
		{88949CFB-FD80-4926-ABB5-D5B8EC456FE3}.Release|Any CPU.ActiveCfg = Release|Any CPU
		{88949CFB-FD80-4926-ABB5-D5B8EC456FE3}.Release|Any CPU.Build.0 = Release|Any CPU
		{BE33B790-6A1F-499A-8F08-613B381CC779}.Debug|Any CPU.ActiveCfg = Debug|Any CPU
		{BE33B790-6A1F-499A-8F08-613B381CC779}.Debug|Any CPU.Build.0 = Debug|Any CPU
		{BE33B790-6A1F-499A-8F08-613B381CC779}.Release|Any CPU.ActiveCfg = Release|Any CPU
		{BE33B790-6A1F-499A-8F08-613B381CC779}.Release|Any CPU.Build.0 = Release|Any CPU
		{29A60BB9-2269-450C-865C-9E7F6D94C41C}.Debug|Any CPU.ActiveCfg = Debug|Any CPU
		{29A60BB9-2269-450C-865C-9E7F6D94C41C}.Debug|Any CPU.Build.0 = Debug|Any CPU
		{29A60BB9-2269-450C-865C-9E7F6D94C41C}.Release|Any CPU.ActiveCfg = Release|Any CPU
		{29A60BB9-2269-450C-865C-9E7F6D94C41C}.Release|Any CPU.Build.0 = Release|Any CPU
	EndGlobalSection
EndGlobal
