
Microsoft Visual Studio Solution File, Format Version 12.00
Project("{FAE04EC0-301F-11D3-BF4B-00C04F79EFBC}") = "ChatRoomInterface", "ChatRoomInterface\ChatRoomInterface.csproj", "{BB092072-3680-4646-8D72-C67488A61228}"
EndProject
Global
	GlobalSection(SolutionConfigurationPlatforms) = preSolution
		Debug|Any CPU = Debug|Any CPU
		Release|Any CPU = Release|Any CPU
	EndGlobalSection
	GlobalSection(ProjectConfigurationPlatforms) = postSolution
		{BB092072-3680-4646-8D72-C67488A61228}.Debug|Any CPU.ActiveCfg = Debug|Any CPU
		{BB092072-3680-4646-8D72-C67488A61228}.Debug|Any CPU.Build.0 = Debug|Any CPU
		{BB092072-3680-4646-8D72-C67488A61228}.Release|Any CPU.ActiveCfg = Release|Any CPU
		{BB092072-3680-4646-8D72-C67488A61228}.Release|Any CPU.Build.0 = Release|Any CPU
	EndGlobalSection
EndGlobal
